
Microsoft Visual Studio Solution File, Format Version 12.00
# Visual Studio Version 17
VisualStudioVersion = 17.1.32328.378
MinimumVisualStudioVersion = 10.0.40219.1
Project("{FAE04EC0-301F-11D3-BF4B-00C04F79EFBC}") = "NFA_To_Reduced_DFA_Converter", "NFA_To_Reduced_DFA_Converter\NFA_To_Reduced_DFA_Converter.csproj", "{A7A44197-23EA-41CB-BFF9-7FCF233F0EF6}"
EndProject
Global
	GlobalSection(SolutionConfigurationPlatforms) = preSolution
		Debug|Any CPU = Debug|Any CPU
		Release|Any CPU = Release|Any CPU
	EndGlobalSection
	GlobalSection(ProjectConfigurationPlatforms) = postSolution
		{A7A44197-23EA-41CB-BFF9-7FCF233F0EF6}.Debug|Any CPU.ActiveCfg = Debug|Any CPU
		{A7A44197-23EA-41CB-BFF9-7FCF233F0EF6}.Debug|Any CPU.Build.0 = Debug|Any CPU
		{A7A44197-23EA-41CB-BFF9-7FCF233F0EF6}.Release|Any CPU.ActiveCfg = Release|Any CPU
		{A7A44197-23EA-41CB-BFF9-7FCF233F0EF6}.Release|Any CPU.Build.0 = Release|Any CPU
	EndGlobalSection
	GlobalSection(SolutionProperties) = preSolution
		HideSolutionNode = FALSE
	EndGlobalSection
	GlobalSection(ExtensibilityGlobals) = postSolution
		SolutionGuid = {C9BC2CDC-B3E0-4C9D-85A2-B984A78398C4}
	EndGlobalSection
EndGlobal
